
Microsoft Visual Studio Solution File, Format Version 12.00
# Visual Studio Version 16
VisualStudioVersion = 16.0.30204.135
MinimumVisualStudioVersion = 10.0.40219.1
Project("{FAE04EC0-301F-11D3-BF4B-00C04F79EFBC}") = "BannerlordTwitch", "BannerlordTwitch\BannerlordTwitch.csproj", "{A858B7FE-DD3E-4969-9D30-670042C75B16}"
EndProject
Project("{FAE04EC0-301F-11D3-BF4B-00C04F79EFBC}") = "BLTAdoptAHero", "BLTAdoptAHero\BLTAdoptAHero.csproj", "{E475EB9D-3C49-461B-88F7-9D88B746A3AA}"
EndProject
Project("{FAE04EC0-301F-11D3-BF4B-00C04F79EFBC}") = "BLTBuffet", "BLTBuffet\BLTBuffet.csproj", "{9C6729F7-A099-4878-BBBB-EC7911EA50B0}"
EndProject
Project("{FAE04EC0-301F-11D3-BF4B-00C04F79EFBC}") = "BLTConfigure", "BLTConfigure\BLTConfigure.csproj", "{BAD5698D-09BD-4C2F-8C93-1DF19BBE29CC}"
EndProject
Project("{2150E333-8FDC-42A3-9474-1A3956D46DE8}") = "SolutionItems", "SolutionItems", "{6416209A-DA92-4E8E-BE64-A677E16FA042}"
ProjectSection(SolutionItems) = preProject
	BLTProperties.targets = BLTProperties.targets
	BLTBuildTargets.targets = BLTBuildTargets.targets
EndProjectSection
EndProject
Global
	GlobalSection(SolutionConfigurationPlatforms) = preSolution
		Debug 1.5.10|Any CPU = Debug 1.5.10|Any CPU
		Debug 1.5.9|Any CPU = Debug 1.5.9|Any CPU
		Debug 1.6.0|Any CPU = Debug 1.6.0|Any CPU
		Debug 1.6.1|Any CPU = Debug 1.6.1|Any CPU
		Debug 1.6.2|Any CPU = Debug 1.6.2|Any CPU
		Debug 1.6.4|Any CPU = Debug 1.6.4|Any CPU
		Release 1.5.10|Any CPU = Release 1.5.10|Any CPU
		Release 1.5.9|Any CPU = Release 1.5.9|Any CPU
		Release 1.6.0|Any CPU = Release 1.6.0|Any CPU
		Release 1.6.1|Any CPU = Release 1.6.1|Any CPU
		Release 1.6.2|Any CPU = Release 1.6.2|Any CPU
		Release 1.6.4|Any CPU = Release 1.6.4|Any CPU
	EndGlobalSection
	GlobalSection(ProjectConfigurationPlatforms) = postSolution
		{A858B7FE-DD3E-4969-9D30-670042C75B16}.Debug 1.5.10|Any CPU.ActiveCfg = Debug 1.5.10|Any CPU
		{A858B7FE-DD3E-4969-9D30-670042C75B16}.Debug 1.5.10|Any CPU.Build.0 = Debug 1.5.10|Any CPU
		{A858B7FE-DD3E-4969-9D30-670042C75B16}.Debug 1.5.9|Any CPU.ActiveCfg = Debug 1.5.9|Any CPU
		{A858B7FE-DD3E-4969-9D30-670042C75B16}.Debug 1.5.9|Any CPU.Build.0 = Debug 1.5.9|Any CPU
		{A858B7FE-DD3E-4969-9D30-670042C75B16}.Debug 1.6.0|Any CPU.ActiveCfg = Debug 1.6.0|Any CPU
		{A858B7FE-DD3E-4969-9D30-670042C75B16}.Debug 1.6.0|Any CPU.Build.0 = Debug 1.6.0|Any CPU
		{A858B7FE-DD3E-4969-9D30-670042C75B16}.Debug 1.6.1|Any CPU.ActiveCfg = Debug 1.6.1|Any CPU
		{A858B7FE-DD3E-4969-9D30-670042C75B16}.Debug 1.6.1|Any CPU.Build.0 = Debug 1.6.1|Any CPU
		{A858B7FE-DD3E-4969-9D30-670042C75B16}.Debug 1.6.2|Any CPU.ActiveCfg = Debug 1.6.2|Any CPU
		{A858B7FE-DD3E-4969-9D30-670042C75B16}.Debug 1.6.2|Any CPU.Build.0 = Debug 1.6.2|Any CPU
		{A858B7FE-DD3E-4969-9D30-670042C75B16}.Debug 1.6.4|Any CPU.ActiveCfg = Debug 1.6.4|Any CPU
        		{A858B7FE-DD3E-4969-9D30-670042C75B16}.Debug 1.6.4|Any CPU.Build.0 = Debug 1.6.4|Any CPU
		{A858B7FE-DD3E-4969-9D30-670042C75B16}.Release 1.5.10|Any CPU.ActiveCfg = Release 1.5.10|Any CPU
		{A858B7FE-DD3E-4969-9D30-670042C75B16}.Release 1.5.10|Any CPU.Build.0 = Release 1.5.10|Any CPU
		{A858B7FE-DD3E-4969-9D30-670042C75B16}.Release 1.5.9|Any CPU.ActiveCfg = Release 1.5.9|Any CPU
		{A858B7FE-DD3E-4969-9D30-670042C75B16}.Release 1.5.9|Any CPU.Build.0 = Release 1.5.9|Any CPU
		{A858B7FE-DD3E-4969-9D30-670042C75B16}.Release 1.6.0|Any CPU.ActiveCfg = Release 1.6.0|Any CPU
		{A858B7FE-DD3E-4969-9D30-670042C75B16}.Release 1.6.0|Any CPU.Build.0 = Release 1.6.0|Any CPU
		{A858B7FE-DD3E-4969-9D30-670042C75B16}.Release 1.6.1|Any CPU.ActiveCfg = Release 1.6.1|Any CPU
		{A858B7FE-DD3E-4969-9D30-670042C75B16}.Release 1.6.1|Any CPU.Build.0 = Release 1.6.1|Any CPU
		{A858B7FE-DD3E-4969-9D30-670042C75B16}.Release 1.6.2|Any CPU.ActiveCfg = Release 1.6.2|Any CPU
		{A858B7FE-DD3E-4969-9D30-670042C75B16}.Release 1.6.2|Any CPU.Build.0 = Release 1.6.2|Any CPU
		{A858B7FE-DD3E-4969-9D30-670042C75B16}.Release 1.6.4|Any CPU.ActiveCfg = Release 1.6.4|Any CPU
        		{A858B7FE-DD3E-4969-9D30-670042C75B16}.Release 1.6.4|Any CPU.Build.0 = Release 1.6.4|Any CPU
		{E475EB9D-3C49-461B-88F7-9D88B746A3AA}.Debug 1.5.10|Any CPU.ActiveCfg = Debug 1.5.10|Any CPU
		{E475EB9D-3C49-461B-88F7-9D88B746A3AA}.Debug 1.5.10|Any CPU.Build.0 = Debug 1.5.10|Any CPU
		{E475EB9D-3C49-461B-88F7-9D88B746A3AA}.Debug 1.5.9|Any CPU.ActiveCfg = Debug 1.5.9|Any CPU
		{E475EB9D-3C49-461B-88F7-9D88B746A3AA}.Debug 1.5.9|Any CPU.Build.0 = Debug 1.5.9|Any CPU
		{E475EB9D-3C49-461B-88F7-9D88B746A3AA}.Debug 1.6.0|Any CPU.ActiveCfg = Debug 1.6.0|Any CPU
		{E475EB9D-3C49-461B-88F7-9D88B746A3AA}.Debug 1.6.0|Any CPU.Build.0 = Debug 1.6.0|Any CPU
		{E475EB9D-3C49-461B-88F7-9D88B746A3AA}.Debug 1.6.1|Any CPU.ActiveCfg = Debug 1.6.1|Any CPU
		{E475EB9D-3C49-461B-88F7-9D88B746A3AA}.Debug 1.6.1|Any CPU.Build.0 = Debug 1.6.1|Any CPU
		{E475EB9D-3C49-461B-88F7-9D88B746A3AA}.Debug 1.6.2|Any CPU.ActiveCfg = Debug 1.6.2|Any CPU
		{E475EB9D-3C49-461B-88F7-9D88B746A3AA}.Debug 1.6.2|Any CPU.Build.0 = Debug 1.6.2|Any CPU
		{E475EB9D-3C49-461B-88F7-9D88B746A3AA}.Debug 1.6.4|Any CPU.ActiveCfg = Debug 1.6.4|Any CPU
        		{E475EB9D-3C49-461B-88F7-9D88B746A3AA}.Debug 1.6.4|Any CPU.Build.0 = Debug 1.6.4|Any CPU
		{E475EB9D-3C49-461B-88F7-9D88B746A3AA}.Release 1.5.10|Any CPU.ActiveCfg = Release 1.5.10|Any CPU
		{E475EB9D-3C49-461B-88F7-9D88B746A3AA}.Release 1.5.10|Any CPU.Build.0 = Release 1.5.10|Any CPU
		{E475EB9D-3C49-461B-88F7-9D88B746A3AA}.Release 1.5.9|Any CPU.ActiveCfg = Release 1.5.9|Any CPU
		{E475EB9D-3C49-461B-88F7-9D88B746A3AA}.Release 1.5.9|Any CPU.Build.0 = Release 1.5.9|Any CPU
		{E475EB9D-3C49-461B-88F7-9D88B746A3AA}.Release 1.6.0|Any CPU.ActiveCfg = Release 1.6.0|Any CPU
		{E475EB9D-3C49-461B-88F7-9D88B746A3AA}.Release 1.6.0|Any CPU.Build.0 = Release 1.6.0|Any CPU
		{E475EB9D-3C49-461B-88F7-9D88B746A3AA}.Release 1.6.1|Any CPU.ActiveCfg = Release 1.6.1|Any CPU
		{E475EB9D-3C49-461B-88F7-9D88B746A3AA}.Release 1.6.1|Any CPU.Build.0 = Release 1.6.1|Any CPU
		{E475EB9D-3C49-461B-88F7-9D88B746A3AA}.Release 1.6.2|Any CPU.ActiveCfg = Release 1.6.2|Any CPU
		{E475EB9D-3C49-461B-88F7-9D88B746A3AA}.Release 1.6.2|Any CPU.Build.0 = Release 1.6.2|Any CPU
		{E475EB9D-3C49-461B-88F7-9D88B746A3AA}.Release 1.6.4|Any CPU.ActiveCfg = Release 1.6.4|Any CPU
        		{E475EB9D-3C49-461B-88F7-9D88B746A3AA}.Release 1.6.4|Any CPU.Build.0 = Release 1.6.4|Any CPU
		{9C6729F7-A099-4878-BBBB-EC7911EA50B0}.Debug 1.5.10|Any CPU.ActiveCfg = Debug 1.5.10|Any CPU
		{9C6729F7-A099-4878-BBBB-EC7911EA50B0}.Debug 1.5.10|Any CPU.Build.0 = Debug 1.5.10|Any CPU
		{9C6729F7-A099-4878-BBBB-EC7911EA50B0}.Debug 1.5.9|Any CPU.ActiveCfg = Debug 1.5.9|Any CPU
		{9C6729F7-A099-4878-BBBB-EC7911EA50B0}.Debug 1.5.9|Any CPU.Build.0 = Debug 1.5.9|Any CPU
		{9C6729F7-A099-4878-BBBB-EC7911EA50B0}.Debug 1.6.0|Any CPU.ActiveCfg = Debug 1.6.0|Any CPU
		{9C6729F7-A099-4878-BBBB-EC7911EA50B0}.Debug 1.6.0|Any CPU.Build.0 = Debug 1.6.0|Any CPU
		{9C6729F7-A099-4878-BBBB-EC7911EA50B0}.Debug 1.6.1|Any CPU.ActiveCfg = Debug 1.6.1|Any CPU
		{9C6729F7-A099-4878-BBBB-EC7911EA50B0}.Debug 1.6.1|Any CPU.Build.0 = Debug 1.6.1|Any CPU
		{9C6729F7-A099-4878-BBBB-EC7911EA50B0}.Debug 1.6.2|Any CPU.ActiveCfg = Debug 1.6.2|Any CPU
		{9C6729F7-A099-4878-BBBB-EC7911EA50B0}.Debug 1.6.2|Any CPU.Build.0 = Debug 1.6.2|Any CPU
		{9C6729F7-A099-4878-BBBB-EC7911EA50B0}.Debug 1.6.4|Any CPU.ActiveCfg = Debug 1.6.4|Any CPU
        		{9C6729F7-A099-4878-BBBB-EC7911EA50B0}.Debug 1.6.4|Any CPU.Build.0 = Debug 1.6.4|Any CPU
		{9C6729F7-A099-4878-BBBB-EC7911EA50B0}.Release 1.5.10|Any CPU.ActiveCfg = Release 1.5.10|Any CPU
		{9C6729F7-A099-4878-BBBB-EC7911EA50B0}.Release 1.5.10|Any CPU.Build.0 = Release 1.5.10|Any CPU
		{9C6729F7-A099-4878-BBBB-EC7911EA50B0}.Release 1.5.9|Any CPU.ActiveCfg = Release 1.5.9|Any CPU
		{9C6729F7-A099-4878-BBBB-EC7911EA50B0}.Release 1.5.9|Any CPU.Build.0 = Release 1.5.9|Any CPU
		{9C6729F7-A099-4878-BBBB-EC7911EA50B0}.Release 1.6.0|Any CPU.ActiveCfg = Release 1.6.0|Any CPU
		{9C6729F7-A099-4878-BBBB-EC7911EA50B0}.Release 1.6.0|Any CPU.Build.0 = Release 1.6.0|Any CPU
		{9C6729F7-A099-4878-BBBB-EC7911EA50B0}.Release 1.6.1|Any CPU.ActiveCfg = Release 1.6.1|Any CPU
		{9C6729F7-A099-4878-BBBB-EC7911EA50B0}.Release 1.6.1|Any CPU.Build.0 = Release 1.6.1|Any CPU
		{9C6729F7-A099-4878-BBBB-EC7911EA50B0}.Release 1.6.2|Any CPU.ActiveCfg = Release 1.6.2|Any CPU
		{9C6729F7-A099-4878-BBBB-EC7911EA50B0}.Release 1.6.2|Any CPU.Build.0 = Release 1.6.2|Any CPU
		{9C6729F7-A099-4878-BBBB-EC7911EA50B0}.Release 1.6.4|Any CPU.ActiveCfg = Release 1.6.4|Any CPU
        		{9C6729F7-A099-4878-BBBB-EC7911EA50B0}.Release 1.6.4|Any CPU.Build.0 = Release 1.6.4|Any CPU
		{BAD5698D-09BD-4C2F-8C93-1DF19BBE29CC}.Debug 1.5.10|Any CPU.ActiveCfg = Debug 1.5.10|Any CPU
		{BAD5698D-09BD-4C2F-8C93-1DF19BBE29CC}.Debug 1.5.10|Any CPU.Build.0 = Debug 1.5.10|Any CPU
		{BAD5698D-09BD-4C2F-8C93-1DF19BBE29CC}.Debug 1.5.9|Any CPU.ActiveCfg = Debug 1.5.9|Any CPU
		{BAD5698D-09BD-4C2F-8C93-1DF19BBE29CC}.Debug 1.5.9|Any CPU.Build.0 = Debug 1.5.9|Any CPU
		{BAD5698D-09BD-4C2F-8C93-1DF19BBE29CC}.Debug 1.6.0|Any CPU.ActiveCfg = Debug 1.6.0|Any CPU
		{BAD5698D-09BD-4C2F-8C93-1DF19BBE29CC}.Debug 1.6.0|Any CPU.Build.0 = Debug 1.6.0|Any CPU
		{BAD5698D-09BD-4C2F-8C93-1DF19BBE29CC}.Debug 1.6.1|Any CPU.ActiveCfg = Debug 1.6.1|Any CPU
		{BAD5698D-09BD-4C2F-8C93-1DF19BBE29CC}.Debug 1.6.1|Any CPU.Build.0 = Debug 1.6.1|Any CPU
		{BAD5698D-09BD-4C2F-8C93-1DF19BBE29CC}.Debug 1.6.2|Any CPU.ActiveCfg = Debug 1.6.2|Any CPU
		{BAD5698D-09BD-4C2F-8C93-1DF19BBE29CC}.Debug 1.6.2|Any CPU.Build.0 = Debug 1.6.2|Any CPU
		{BAD5698D-09BD-4C2F-8C93-1DF19BBE29CC}.Debug 1.6.4|Any CPU.ActiveCfg = Debug 1.6.4|Any CPU
        		{BAD5698D-09BD-4C2F-8C93-1DF19BBE29CC}.Debug 1.6.4|Any CPU.Build.0 = Debug 1.6.4|Any CPU
		{BAD5698D-09BD-4C2F-8C93-1DF19BBE29CC}.Release 1.5.10|Any CPU.ActiveCfg = Release 1.5.10|Any CPU
		{BAD5698D-09BD-4C2F-8C93-1DF19BBE29CC}.Release 1.5.10|Any CPU.Build.0 = Release 1.5.10|Any CPU
		{BAD5698D-09BD-4C2F-8C93-1DF19BBE29CC}.Release 1.5.9|Any CPU.ActiveCfg = Release 1.5.9|Any CPU
		{BAD5698D-09BD-4C2F-8C93-1DF19BBE29CC}.Release 1.5.9|Any CPU.Build.0 = Release 1.5.9|Any CPU
		{BAD5698D-09BD-4C2F-8C93-1DF19BBE29CC}.Release 1.6.0|Any CPU.ActiveCfg = Release 1.6.0|Any CPU
		{BAD5698D-09BD-4C2F-8C93-1DF19BBE29CC}.Release 1.6.0|Any CPU.Build.0 = Release 1.6.0|Any CPU
		{BAD5698D-09BD-4C2F-8C93-1DF19BBE29CC}.Release 1.6.1|Any CPU.ActiveCfg = Release 1.6.1|Any CPU
		{BAD5698D-09BD-4C2F-8C93-1DF19BBE29CC}.Release 1.6.1|Any CPU.Build.0 = Release 1.6.1|Any CPU
		{BAD5698D-09BD-4C2F-8C93-1DF19BBE29CC}.Release 1.6.2|Any CPU.ActiveCfg = Release 1.6.2|Any CPU
		{BAD5698D-09BD-4C2F-8C93-1DF19BBE29CC}.Release 1.6.2|Any CPU.Build.0 = Release 1.6.2|Any CPU
		{BAD5698D-09BD-4C2F-8C93-1DF19BBE29CC}.Release 1.6.4|Any CPU.ActiveCfg = Release 1.6.4|Any CPU
        		{BAD5698D-09BD-4C2F-8C93-1DF19BBE29CC}.Release 1.6.4|Any CPU.Build.0 = Release 1.6.4|Any CPU
	EndGlobalSection
	GlobalSection(SolutionProperties) = preSolution
		HideSolutionNode = FALSE
	EndGlobalSection
	GlobalSection(ExtensibilityGlobals) = postSolution
		SolutionGuid = {4D8EC2B4-49DB-412B-B336-B0EFD78E6208}
	EndGlobalSection
EndGlobal
